Microsoft Visual Studio Solution File, Format Version 11.00
# Visual Studio 2008

Project("{BA3601CC-CA0D-4989-0B31-124434BFD895}") = "char running", "Assembly-CSharp.csproj", "{28830D0D-D13C-1105-F3F4-ED66C2962314}"
EndProject
Global
	GlobalSection(SolutionConfigurationPlatforms) = preSolution
		Debug|Any CPU = Debug|Any CPU
		Release|Any CPU = Release|Any CPU
	EndGlobalSection
	GlobalSection(ProjectConfigurationPlatforms) = postSolution
		{28830D0D-D13C-1105-F3F4-ED66C2962314}.Debug|Any CPU.ActiveCfg = Debug|Any CPU
		{28830D0D-D13C-1105-F3F4-ED66C2962314}.Debug|Any CPU.Build.0 = Debug|Any CPU
		{28830D0D-D13C-1105-F3F4-ED66C2962314}.Release|Any CPU.ActiveCfg = Release|Any CPU
		{28830D0D-D13C-1105-F3F4-ED66C2962314}.Release|Any CPU.Build.0 = Release|Any CPU
	EndGlobalSection
	GlobalSection(SolutionProperties) = preSolution
		HideSolutionNode = FALSE
	EndGlobalSection
	GlobalSection(MonoDevelopProperties) = preSolution
		StartupItem = Assembly-CSharp.csproj
	EndGlobalSection
EndGlobal
